{
  "name": "agente-it",
  "version": "1.0.0",
  "lockfileVersion": 3,
  "requires": true,
  "packages": {
    "": {
      "name": "agente-it",
      "version": "1.0.0",
      "dependencies": {
        "systeminformation": "^5.22.0"
      }
    },
    "node_modules/systeminformation": {
      "version": "5.31.7",
      "resolved": "https://registry.npmjs.org/systeminformation/-/systeminformation-5.31.7.tgz",
      "integrity": "sha512-/8NC53e5nP9nmhn42/ncdOkyJnOoue/Vy+tJOyUGd1Yv66G069wK4rrziwhrqDETgk78CudTQupw5z19S5uoZw==",
      "license": "MIT",
      "os": [
        "darwin",
        "linux",
        "win32",
        "freebsd",
        "openbsd",
        "netbsd",
        "sunos",
        "android"
      ],
      "bin": {
        "systeminformation": "lib/cli.js"
      },
      "engines": {
        "node": ">=8.0.0"
      },
      "funding": {
        "type": "Buy me a coffee",
        "url": "https://www.buymeacoffee.com/systeminfo"
      }
    }
  }
}
